// !$*UTF8*$!
{
	archiveVersion = 1;
	classes = {
	};
	objectVersion = 56;
	objects = {

/* Begin PBXBuildFile section */
		914EC1392935498600F9B581 /* main.swift in Sources */ = {isa = PBXBuildFile; fileRef = 914EC1382935498600F9B581 /* main.swift */; };
		914EC142293555AB00F9B581 /* realState.swift in Sources */ = {isa = PBXBuildFile; fileRef = 914EC141293555AB00F9B581 /* realState.swift */; };
		914EC1442937931100F9B581 /* Products.swift in Sources */ = {isa = PBXBuildFile; fileRef = 914EC1432937931100F9B581 /* Products.swift */; };
		914EC1462937994F00F9B581 /* flat.swift in Sources */ = {isa = PBXBuildFile; fileRef = 914EC1452937994F00F9B581 /* flat.swift */; };
		914EC1482937995C00F9B581 /* garage.swift in Sources */ = {isa = PBXBuildFile; fileRef = 914EC1472937995C00F9B581 /* garage.swift */; };
		914EC14A293A8F1600F9B581 /* Stock.swift in Sources */ = {isa = PBXBuildFile; fileRef = 914EC149293A8F1600F9B581 /* Stock.swift */; };
		914EC14C293A94B500F9B581 /* Cars.swift in Sources */ = {isa = PBXBuildFile; fileRef = 914EC14B293A94B500F9B581 /* Cars.swift */; };
/* End PBXBuildFile section */

/* Begin PBXCopyFilesBuildPhase section */
		914EC1332935498600F9B581 /* CopyFiles */ = {
			isa = PBXCopyFilesBuildPhase;
			buildActionMask = 2147483647;
			dstPath = /usr/share/man/man1/;
			dstSubfolderSpec = 0;
			files = (
			);
			runOnlyForDeploymentPostprocessing = 1;
		};
/* End PBXCopyFilesBuildPhase section */

/* Begin PBXFileReference section */
		914EC1352935498600F9B581 /* lesson 10 Hw */ = {isa = PBXFileReference; explicitFileType = "compiled.mach-o.executable"; includeInIndex = 0; path = "lesson 10 Hw"; sourceTree = BUILT_PRODUCTS_DIR; };
		914EC1382935498600F9B581 /* main.swift */ = {isa = PBXFileReference; lastKnownFileType = sourcecode.swift; path = main.swift; sourceTree = "<group>"; };
		914EC141293555AB00F9B581 /* realState.swift */ = {isa = PBXFileReference; lastKnownFileType = sourcecode.swift; path = realState.swift; sourceTree = "<group>"; };
		914EC1432937931100F9B581 /* Products.swift */ = {isa = PBXFileReference; lastKnownFileType = sourcecode.swift; path = Products.swift; sourceTree = "<group>"; };
		914EC1452937994F00F9B581 /* flat.swift */ = {isa = PBXFileReference; lastKnownFileType = sourcecode.swift; path = flat.swift; sourceTree = "<group>"; };
		914EC1472937995C00F9B581 /* garage.swift */ = {isa = PBXFileReference; lastKnownFileType = sourcecode.swift; path = garage.swift; sourceTree = "<group>"; };
		914EC149293A8F1600F9B581 /* Stock.swift */ = {isa = PBXFileReference; lastKnownFileType = sourcecode.swift; path = Stock.swift; sourceTree = "<group>"; };
		914EC14B293A94B500F9B581 /* Cars.swift */ = {isa = PBXFileReference; lastKnownFileType = sourcecode.swift; path = Cars.swift; sourceTree = "<group>"; };
/* End PBXFileReference section */

/* Begin PBXFrameworksBuildPhase section */
		914EC1322935498600F9B581 /* Frameworks */ = {
			isa = PBXFrameworksBuildPhase;
			buildActionMask = 2147483647;
			files = (
			);
			runOnlyForDeploymentPostprocessing = 0;
		};
/* End PBXFrameworksBuildPhase section */

/* Begin PBXGroup section */
		914EC12C2935498600F9B581 = {
			isa = PBXGroup;
			children = (
				914EC14B293A94B500F9B581 /* Cars.swift */,
				914EC1372935498600F9B581 /* lesson 10 Hw */,
				914EC1362935498600F9B581 /* Products */,
			);
			sourceTree = "<group>";
		};
		914EC1362935498600F9B581 /* Products */ = {
			isa = PBXGroup;
			children = (
				914EC1352935498600F9B581 /* lesson 10 Hw */,
			);
			name = Products;
			sourceTree = "<group>";
		};
		914EC1372935498600F9B581 /* lesson 10 Hw */ = {
			isa = PBXGroup;
			children = (
				914EC1382935498600F9B581 /* main.swift */,
				914EC141293555AB00F9B581 /* realState.swift */,
				914EC1432937931100F9B581 /* Products.swift */,
				914EC1452937994F00F9B581 /* flat.swift */,
				914EC1472937995C00F9B581 /* garage.swift */,
				914EC149293A8F1600F9B581 /* Stock.swift */,
			);
			path = "lesson 10 Hw";
			sourceTree = "<group>";
		};
/* End PBXGroup section */

/* Begin PBXNativeTarget section */
		914EC1342935498600F9B581 /* lesson 10 Hw */ = {
			isa = PBXNativeTarget;
			buildConfigurationList = 914EC13C2935498600F9B581 /* Build configuration list for PBXNativeTarget "lesson 10 Hw" */;
			buildPhases = (
				914EC1312935498600F9B581 /* Sources */,
				914EC1322935498600F9B581 /* Frameworks */,
				914EC1332935498600F9B581 /* CopyFiles */,
			);
			buildRules = (
			);
			dependencies = (
			);
			name = "lesson 10 Hw";
			productName = "lesson 10 Hw";
			productReference = 914EC1352935498600F9B581 /* lesson 10 Hw */;
			productType = "com.apple.product-type.tool";
		};
/* End PBXNativeTarget section */

/* Begin PBXProject section */
		914EC12D2935498600F9B581 /* Project object */ = {
			isa = PBXProject;
			attributes = {
				BuildIndependentTargetsInParallel = 1;
				LastSwiftUpdateCheck = 1410;
				LastUpgradeCheck = 1410;
				TargetAttributes = {
					914EC1342935498600F9B581 = {
						CreatedOnToolsVersion = 14.1;
					};
				};
			};
			buildConfigurationList = 914EC1302935498600F9B581 /* Build configuration list for PBXProject "lesson 10 Hw" */;
			compatibilityVersion = "Xcode 14.0";
			developmentRegion = en;
			hasScannedForEncodings = 0;
			knownRegions = (
				en,
				Base,
			);
			mainGroup = 914EC12C2935498600F9B581;
			productRefGroup = 914EC1362935498600F9B581 /* Products */;
			projectDirPath = "";
			projectRoot = "";
			targets = (
				914EC1342935498600F9B581 /* lesson 10 Hw */,
			);
		};
/* End PBXProject section */

/* Begin PBXSourcesBuildPhase section */
		914EC1312935498600F9B581 /* Sources */ = {
			isa = PBXSourcesBuildPhase;
			buildActionMask = 2147483647;
			files = (
				914EC1462937994F00F9B581 /* flat.swift in Sources */,
				914EC1442937931100F9B581 /* Products.swift in Sources */,
				914EC14A293A8F1600F9B581 /* Stock.swift in Sources */,
				914EC1392935498600F9B581 /* main.swift in Sources */,
				914EC1482937995C00F9B581 /* garage.swift in Sources */,
				914EC142293555AB00F9B581 /* realState.swift in Sources */,
				914EC14C293A94B500F9B581 /* Cars.swift in Sources */,
			);
			runOnlyForDeploymentPostprocessing = 0;
		};
/* End PBXSourcesBuildPhase section */

/* Begin XCBuildConfiguration section */
		914EC13A2935498600F9B581 /* Debug */ = {
			isa = XCBuildConfiguration;
			buildSettings = {
				ALWAYS_SEARCH_USER_PATHS = NO;
				CLANG_ANALYZER_NONNULL = YES;
				CLANG_ANALYZER_NUMBER_OBJECT_CONVERSION = YES_AGGRESSIVE;
				CLANG_CXX_LANGUAGE_STANDARD = "gnu++20";
				CLANG_ENABLE_MODULES = YES;
				CLANG_ENABLE_OBJC_ARC = YES;
				CLANG_ENABLE_OBJC_WEAK = YES;
				CLANG_WARN_BLOCK_CAPTURE_AUTORELEASING = YES;
				CLANG_WARN_BOOL_CONVERSION = YES;
				CLANG_WARN_COMMA = YES;
				CLANG_WARN_CONSTANT_CONVERSION = YES;
				CLANG_WARN_DEPRECATED_OBJC_IMPLEMENTATIONS = YES;
				CLANG_WARN_DIRECT_OBJC_ISA_USAGE = YES_ERROR;
				CLANG_WARN_DOCUMENTATION_COMMENTS = YES;
				CLANG_WARN_EMPTY_BODY = YES;
				CLANG_WARN_ENUM_CONVERSION = YES;
				CLANG_WARN_INFINITE_RECURSION = YES;
				CLANG_WARN_INT_CONVERSION = YES;
				CLANG_WARN_NON_LITERAL_NULL_CONVERSION = YES;
				CLANG_WARN_OBJC_IMPLICIT_RETAIN_SELF = YES;
				CLANG_WARN_OBJC_LITERAL_CONVERSION = YES;
				CLANG_WARN_OBJC_ROOT_CLASS = YES_ERROR;
				CLANG_WARN_QUOTED_INCLUDE_IN_FRAMEWORK_HEADER = YES;
				CLANG_WARN_RANGE_LOOP_ANALYSIS = YES;
				CLANG_WARN_STRICT_PROTOTYPES = YES;
				CLANG_WARN_SUSPICIOUS_MOVE = YES;
				CLANG_WARN_UNGUARDED_AVAILABILITY = YES_AGGRESSIVE;
				CLANG_WARN_UNREACHABLE_CODE = YES;
				CLANG_WARN__DUPLICATE_METHOD_MATCH = YES;
				COPY_PHASE_STRIP = NO;
				DEBUG_INFORMATION_FORMAT = dwarf;
				ENABLE_STRICT_OBJC_MSGSEND = YES;
				ENABLE_TESTABILITY = YES;
				GCC_C_LANGUAGE_STANDARD = gnu11;
				GCC_DYNAMIC_NO_PIC = NO;
				GCC_NO_COMMON_BLOCKS = YES;
				GCC_OPTIMIZATION_LEVEL = 0;
				GCC_PREPROCESSOR_DEFINITIONS = (
					"DEBUG=1",
					"$(inherited)",
				);
				GCC_WARN_64_TO_32_BIT_CONVERSION = YES;
				GCC_WARN_ABOUT_RETURN_TYPE = YES_ERROR;
				GCC_WARN_UNDECLARED_SELECTOR = YES;
				GCC_WARN_UNINITIALIZED_AUTOS = YES_AGGRESSIVE;
				GCC_WARN_UNUSED_FUNCTION = YES;
				GCC_WARN_UNUSED_VARIABLE = YES;
				MACOSX_DEPLOYMENT_TARGET = 12.6;
				MTL_ENABLE_DEBUG_INFO = INCLUDE_SOURCE;
				MTL_FAST_MATH = YES;
				ONLY_ACTIVE_ARCH = YES;
				SDKROOT = macosx;
				SWIFT_ACTIVE_COMPILATION_CONDITIONS = DEBUG;
				SWIFT_OPTIMIZATION_LEVEL = "-Onone";
			};
			name = Debug;
		};
		914EC13B2935498600F9B581 /* Release */ = {
			isa = XCBuildConfiguration;
			buildSettings = {
				ALWAYS_SEARCH_USER_PATHS = NO;
				CLANG_ANALYZER_NONNULL = YES;
				CLANG_ANALYZER_NUMBER_OBJECT_CONVERSION = YES_AGGRESSIVE;
				CLANG_CXX_LANGUAGE_STANDARD = "gnu++20";
				CLANG_ENABLE_MODULES = YES;
				CLANG_ENABLE_OBJC_ARC = YES;
				CLANG_ENABLE_OBJC_WEAK = YES;
				CLANG_WARN_BLOCK_CAPTURE_AUTORELEASING = YES;
				CLANG_WARN_BOOL_CONVERSION = YES;
				CLANG_WARN_COMMA = YES;
				CLANG_WARN_CONSTANT_CONVERSION = YES;
				CLANG_WARN_DEPRECATED_OBJC_IMPLEMENTATIONS = YES;
				CLANG_WARN_DIRECT_OBJC_ISA_USAGE = YES_ERROR;
				CLANG_WARN_DOCUMENTATION_COMMENTS = YES;
				CLANG_WARN_EMPTY_BODY = YES;
				CLANG_WARN_ENUM_CONVERSION = YES;
				CLANG_WARN_INFINITE_RECURSION = YES;
				CLANG_WARN_INT_CONVERSION = YES;
				CLANG_WARN_NON_LITERAL_NULL_CONVERSION = YES;
				CLANG_WARN_OBJC_IMPLICIT_RETAIN_SELF = YES;
				CLANG_WARN_OBJC_LITERAL_CONVERSION = YES;
				CLANG_WARN_OBJC_ROOT_CLASS = YES_ERROR;
				CLANG_WARN_QUOTED_INCLUDE_IN_FRAMEWORK_HEADER = YES;
				CLANG_WARN_RANGE_LOOP_ANALYSIS = YES;
				CLANG_WARN_STRICT_PROTOTYPES = YES;
				CLANG_WARN_SUSPICIOUS_MOVE = YES;
				CLANG_WARN_UNGUARDED_AVAILABILITY = YES_AGGRESSIVE;
				CLANG_WARN_UNREACHABLE_CODE = YES;
				CLANG_WARN__DUPLICATE_METHOD_MATCH = YES;
				COPY_PHASE_STRIP = NO;
				DEBUG_INFORMATION_FORMAT = "dwarf-with-dsym";
				ENABLE_NS_ASSERTIONS = NO;
				ENABLE_STRICT_OBJC_MSGSEND = YES;
				GCC_C_LANGUAGE_STANDARD = gnu11;
				GCC_NO_COMMON_BLOCKS = YES;
				GCC_WARN_64_TO_32_BIT_CONVERSION = YES;
				GCC_WARN_ABOUT_RETURN_TYPE = YES_ERROR;
				GCC_WARN_UNDECLARED_SELECTOR = YES;
				GCC_WARN_UNINITIALIZED_AUTOS = YES_AGGRESSIVE;
				GCC_WARN_UNUSED_FUNCTION = YES;
				GCC_WARN_UNUSED_VARIABLE = YES;
				MACOSX_DEPLOYMENT_TARGET = 12.6;
				MTL_ENABLE_DEBUG_INFO = NO;
				MTL_FAST_MATH = YES;
				SDKROOT = macosx;
				SWIFT_COMPILATION_MODE = wholemodule;
				SWIFT_OPTIMIZATION_LEVEL = "-O";
			};
			name = Release;
		};
		914EC13D2935498600F9B581 /* Debug */ = {
			isa = XCBuildConfiguration;
			buildSettings = {
				CODE_SIGN_STYLE = Automatic;
				PRODUCT_NAME = "$(TARGET_NAME)";
				SWIFT_VERSION = 5.0;
			};
			name = Debug;
		};
		914EC13E2935498600F9B581 /* Release */ = {
			isa = XCBuildConfiguration;
			buildSettings = {
				CODE_SIGN_STYLE = Automatic;
				PRODUCT_NAME = "$(TARGET_NAME)";
				SWIFT_VERSION = 5.0;
			};
			name = Release;
		};
/* End XCBuildConfiguration section */

/* Begin XCConfigurationList section */
		914EC1302935498600F9B581 /* Build configuration list for PBXProject "lesson 10 Hw" */ = {
			isa = XCConfigurationList;
			buildConfigurations = (
				914EC13A2935498600F9B581 /* Debug */,
				914EC13B2935498600F9B581 /* Release */,
			);
			defaultConfigurationIsVisible = 0;
			defaultConfigurationName = Release;
		};
		914EC13C2935498600F9B581 /* Build configuration list for PBXNativeTarget "lesson 10 Hw" */ = {
			isa = XCConfigurationList;
			buildConfigurations = (
				914EC13D2935498600F9B581 /* Debug */,
				914EC13E2935498600F9B581 /* Release */,
			);
			defaultConfigurationIsVisible = 0;
			defaultConfigurationName = Release;
		};
/* End XCConfigurationList section */
	};
	rootObject = 914EC12D2935498600F9B581 /* Project object */;
}
